
Microsoft Visual Studio Solution File, Format Version 12.00
# Visual Studio Version 17
VisualStudioVersion = 17.8.34511.84
MinimumVisualStudioVersion = 10.0.40219.1
Project("{FAE04EC0-301F-11D3-BF4B-00C04F79EFBC}") = "WinFormsApp3", "WinFormsApp3.csproj", "{87781C48-88BC-4864-9EEA-C8CF9EED0EAA}"
EndProject
Global
	GlobalSection(SolutionConfigurationPlatforms) = preSolution
		Debug|Any CPU = Debug|Any CPU
		Release|Any CPU = Release|Any CPU
	EndGlobalSection
	GlobalSection(ProjectConfigurationPlatforms) = postSolution
		{87781C48-88BC-4864-9EEA-C8CF9EED0EAA}.Debug|Any CPU.ActiveCfg = Debug|Any CPU
		{87781C48-88BC-4864-9EEA-C8CF9EED0EAA}.Debug|Any CPU.Build.0 = Debug|Any CPU
		{87781C48-88BC-4864-9EEA-C8CF9EED0EAA}.Release|Any CPU.ActiveCfg = Release|Any CPU
		{87781C48-88BC-4864-9EEA-C8CF9EED0EAA}.Release|Any CPU.Build.0 = Release|Any CPU
	EndGlobalSection
	GlobalSection(SolutionProperties) = preSolution
		HideSolutionNode = FALSE
	EndGlobalSection
	GlobalSection(ExtensibilityGlobals) = postSolution
		SolutionGuid = {6F9D46B5-6013-4BFD-925F-BC4BC5D8DE3F}
	EndGlobalSection
EndGlobal
